
Microsoft Visual Studio Solution File, Format Version 12.00
# Visual Studio Version 17
VisualStudioVersion = 17.5.002.0
MinimumVisualStudioVersion = 10.0.40219.1
Project("{2150E333-8FDC-42A3-9474-1A3956D46DE8}") = "Back", "Back", "{2D52B326-5E91-410C-A89C-9B1309AA5B3E}"
EndProject
Project("{2150E333-8FDC-42A3-9474-1A3956D46DE8}") = "src", "src", "{225D4993-6C57-4862-8FF2-AC42AFCEE812}"
EndProject
Project("{9A19103F-16F7-4668-BE54-9A1E7A4F7556}") = "ProEventos.API", "Back\src\ProEventos.API\ProEventos.API.csproj", "{AB62B85C-88DD-4B49-BE45-C5B193FDEA29}"
EndProject
Global
	GlobalSection(SolutionConfigurationPlatforms) = preSolution
		Debug|Any CPU = Debug|Any CPU
		Release|Any CPU = Release|Any CPU
	EndGlobalSection
	GlobalSection(ProjectConfigurationPlatforms) = postSolution
		{AB62B85C-88DD-4B49-BE45-C5B193FDEA29}.Debug|Any CPU.ActiveCfg = Debug|Any CPU
		{AB62B85C-88DD-4B49-BE45-C5B193FDEA29}.Debug|Any CPU.Build.0 = Debug|Any CPU
		{AB62B85C-88DD-4B49-BE45-C5B193FDEA29}.Release|Any CPU.ActiveCfg = Release|Any CPU
		{AB62B85C-88DD-4B49-BE45-C5B193FDEA29}.Release|Any CPU.Build.0 = Release|Any CPU
	EndGlobalSection
	GlobalSection(SolutionProperties) = preSolution
		HideSolutionNode = FALSE
	EndGlobalSection
	GlobalSection(NestedProjects) = preSolution
		{225D4993-6C57-4862-8FF2-AC42AFCEE812} = {2D52B326-5E91-410C-A89C-9B1309AA5B3E}
		{AB62B85C-88DD-4B49-BE45-C5B193FDEA29} = {225D4993-6C57-4862-8FF2-AC42AFCEE812}
	EndGlobalSection
	GlobalSection(ExtensibilityGlobals) = postSolution
		SolutionGuid = {5B164771-791D-452D-AE54-A1F997940D33}
	EndGlobalSection
EndGlobal
